
Microsoft Visual Studio Solution File, Format Version 12.00
# Visual Studio 15
VisualStudioVersion = 15.0.28010.2003
MinimumVisualStudioVersion = 10.0.40219.1
Project("{888888A0-9F3D-457C-B088-3A5042F75D52}") = "drive-irl", "drive-irl.pyproj", "{48DCB1C6-6F4F-48AA-AD51-79A92F7E344D}"
EndProject
Global
	GlobalSection(SolutionConfigurationPlatforms) = preSolution
		Debug|Any CPU = Debug|Any CPU
		Release|Any CPU = Release|Any CPU
	EndGlobalSection
	GlobalSection(ProjectConfigurationPlatforms) = postSolution
		{48DCB1C6-6F4F-48AA-AD51-79A92F7E344D}.Debug|Any CPU.ActiveCfg = Debug|Any CPU
		{48DCB1C6-6F4F-48AA-AD51-79A92F7E344D}.Release|Any CPU.ActiveCfg = Release|Any CPU
	EndGlobalSection
	GlobalSection(SolutionProperties) = preSolution
		HideSolutionNode = FALSE
	EndGlobalSection
	GlobalSection(ExtensibilityGlobals) = postSolution
		SolutionGuid = {CE5D3ECA-0434-49C4-8641-49DA35802D19}
	EndGlobalSection
EndGlobal
